
Microsoft Visual Studio Solution File, Format Version 12.00
# Visual Studio Version 17
VisualStudioVersion = 17.8.34309.116
MinimumVisualStudioVersion = 10.0.40219.1
Project("{FAE04EC0-301F-11D3-BF4B-00C04F79EFBC}") = "TaskManagerWebApp.API", "TaskManagerWebApp.API\TaskManagerWebApp.API.csproj", "{EA0284AD-5C77-485D-A497-5A1289546386}"
EndProject
Global
	GlobalSection(SolutionConfigurationPlatforms) = preSolution
		Debug|Any CPU = Debug|Any CPU
		Release|Any CPU = Release|Any CPU
	EndGlobalSection
	GlobalSection(ProjectConfigurationPlatforms) = postSolution
		{EA0284AD-5C77-485D-A497-5A1289546386}.Debug|Any CPU.ActiveCfg = Debug|Any CPU
		{EA0284AD-5C77-485D-A497-5A1289546386}.Debug|Any CPU.Build.0 = Debug|Any CPU
		{EA0284AD-5C77-485D-A497-5A1289546386}.Release|Any CPU.ActiveCfg = Release|Any CPU
		{EA0284AD-5C77-485D-A497-5A1289546386}.Release|Any CPU.Build.0 = Release|Any CPU
	EndGlobalSection
	GlobalSection(SolutionProperties) = preSolution
		HideSolutionNode = FALSE
	EndGlobalSection
	GlobalSection(ExtensibilityGlobals) = postSolution
		SolutionGuid = {3ACB9262-97ED-4775-804D-0786C64A6D6C}
	EndGlobalSection
EndGlobal
